
Microsoft Visual Studio Solution File, Format Version 12.00
# Visual Studio Version 17
VisualStudioVersion = 17.5.001.0
MinimumVisualStudioVersion = 10.0.40219.1
Project("{9A19103F-16F7-4668-BE54-9A1E7A4F7556}") = "clumber", "src\clumber\clumber.csproj", "{685FD944-B9A9-4DB0-8B43-BD2C1F1A6A48}"
EndProject
Project("{2150E333-8FDC-42A3-9474-1A3956D46DE8}") = "Tests", "Tests", "{6B349649-8918-4372-B336-B8FB0E0091A5}"
EndProject
Project("{FAE04EC0-301F-11D3-BF4B-00C04F79EFBC}") = "Clumber.Tests", "tests\Clumber.Tests\Clumber.Tests.csproj", "{E816B9F2-649B-4FFD-84E9-9323D9B619A1}"
EndProject
Global
	GlobalSection(SolutionConfigurationPlatforms) = preSolution
		Debug|Any CPU = Debug|Any CPU
		Release|Any CPU = Release|Any CPU
	EndGlobalSection
	GlobalSection(ProjectConfigurationPlatforms) = postSolution
		{685FD944-B9A9-4DB0-8B43-BD2C1F1A6A48}.Debug|Any CPU.ActiveCfg = Debug|Any CPU
		{685FD944-B9A9-4DB0-8B43-BD2C1F1A6A48}.Debug|Any CPU.Build.0 = Debug|Any CPU
		{685FD944-B9A9-4DB0-8B43-BD2C1F1A6A48}.Release|Any CPU.ActiveCfg = Release|Any CPU
		{685FD944-B9A9-4DB0-8B43-BD2C1F1A6A48}.Release|Any CPU.Build.0 = Release|Any CPU
		{E816B9F2-649B-4FFD-84E9-9323D9B619A1}.Debug|Any CPU.ActiveCfg = Debug|Any CPU
		{E816B9F2-649B-4FFD-84E9-9323D9B619A1}.Debug|Any CPU.Build.0 = Debug|Any CPU
		{E816B9F2-649B-4FFD-84E9-9323D9B619A1}.Release|Any CPU.ActiveCfg = Release|Any CPU
		{E816B9F2-649B-4FFD-84E9-9323D9B619A1}.Release|Any CPU.Build.0 = Release|Any CPU
	EndGlobalSection
	GlobalSection(SolutionProperties) = preSolution
		HideSolutionNode = FALSE
	EndGlobalSection
	GlobalSection(ExtensibilityGlobals) = postSolution
		SolutionGuid = {1242EF6C-70CD-4418-8510-10FD391B30C4}
	EndGlobalSection
	GlobalSection(NestedProjects) = preSolution
		{E816B9F2-649B-4FFD-84E9-9323D9B619A1} = {6B349649-8918-4372-B336-B8FB0E0091A5}
	EndGlobalSection
EndGlobal
